// !$*UTF8*$!
{
	archiveVersion = 1;
	classes = {
	};
	objectVersion = 77;
	objects = {

/* Begin PBXContainerItemProxy section */
		83F0CBC02E76D8A900A09F9E /* PBXContainerItemProxy */ = {
			isa = PBXContainerItemProxy;
			containerPortal = 83F0CBA62E76D8A600A09F9E /* Project object */;
			proxyType = 1;
			remoteGlobalIDString = 83F0CBAD2E76D8A600A09F9E;
			remoteInfo = CamPiP;
		};
		83F0CBCA2E76D8A900A09F9E /* PBXContainerItemProxy */ = {
			isa = PBXContainerItemProxy;
			containerPortal = 83F0CBA62E76D8A600A09F9E /* Project object */;
			proxyType = 1;
			remoteGlobalIDString = 83F0CBAD2E76D8A600A09F9E;
			remoteInfo = CamPiP;
		};
/* End PBXContainerItemProxy section */

/* Begin PBXFileReference section */
		83F0CBAE2E76D8A600A09F9E /* CamPiP.app */ = {isa = PBXFileReference; explicitFileType = wrapper.application; includeInIndex = 0; path = CamPiP.app; sourceTree = BUILT_PRODUCTS_DIR; };
		83F0CBBF2E76D8A900A09F9E /* CamPiPTests.xctest */ = {isa = PBXFileReference; explicitFileType = wrapper.cfbundle; includeInIndex = 0; path = CamPiPTests.xctest; sourceTree = BUILT_PRODUCTS_DIR; };
		83F0CBC92E76D8A900A09F9E /* CamPiPUITests.xctest */ = {isa = PBXFileReference; explicitFileType = wrapper.cfbundle; includeInIndex = 0; path = CamPiPUITests.xctest; sourceTree = BUILT_PRODUCTS_DIR; };
/* End PBXFileReference section */

/* Begin PBXFileSystemSynchronizedRootGroup section */
		83F0CBB02E76D8A600A09F9E /* CamPiP */ = {
			isa = PBXFileSystemSynchronizedRootGroup;
			path = CamPiP;
			sourceTree = "<group>";
		};
		83F0CBC22E76D8A900A09F9E /* CamPiPTests */ = {
			isa = PBXFileSystemSynchronizedRootGroup;
			path = CamPiPTests;
			sourceTree = "<group>";
		};
		83F0CBCC2E76D8A900A09F9E /* CamPiPUITests */ = {
			isa = PBXFileSystemSynchronizedRootGroup;
			path = CamPiPUITests;
			sourceTree = "<group>";
		};
/* End PBXFileSystemSynchronizedRootGroup section */

/* Begin PBXFrameworksBuildPhase section */
		83F0CBAB2E76D8A600A09F9E /* Frameworks */ = {
			isa = PBXFrameworksBuildPhase;
			buildActionMask = 2147483647;
			files = (
			);
			runOnlyForDeploymentPostprocessing = 0;
		};
		83F0CBBC2E76D8A900A09F9E /* Frameworks */ = {
			isa = PBXFrameworksBuildPhase;
			buildActionMask = 2147483647;
			files = (
			);
			runOnlyForDeploymentPostprocessing = 0;
		};
		83F0CBC62E76D8A900A09F9E /* Frameworks */ = {
			isa = PBXFrameworksBuildPhase;
			buildActionMask = 2147483647;
			files = (
			);
			runOnlyForDeploymentPostprocessing = 0;
		};
/* End PBXFrameworksBuildPhase section */

/* Begin PBXGroup section */
		83F0CBA52E76D8A600A09F9E = {
			isa = PBXGroup;
			children = (
				83F0CBB02E76D8A600A09F9E /* CamPiP */,
				83F0CBC22E76D8A900A09F9E /* CamPiPTests */,
				83F0CBCC2E76D8A900A09F9E /* CamPiPUITests */,
				83F0CBAF2E76D8A600A09F9E /* Products */,
			);
			sourceTree = "<group>";
		};
		83F0CBAF2E76D8A600A09F9E /* Products */ = {
			isa = PBXGroup;
			children = (
				83F0CBAE2E76D8A600A09F9E /* CamPiP.app */,
				83F0CBBF2E76D8A900A09F9E /* CamPiPTests.xctest */,
				83F0CBC92E76D8A900A09F9E /* CamPiPUITests.xctest */,
			);
			name = Products;
			sourceTree = "<group>";
		};
/* End PBXGroup section */

/* Begin PBXNativeTarget section */
		83F0CBAD2E76D8A600A09F9E /* CamPiP */ = {
			isa = PBXNativeTarget;
			buildConfigurationList = 83F0CBD32E76D8A900A09F9E /* Build configuration list for PBXNativeTarget "CamPiP" */;
			buildPhases = (
				83F0CBAA2E76D8A600A09F9E /* Sources */,
				83F0CBAB2E76D8A600A09F9E /* Frameworks */,
				83F0CBAC2E76D8A600A09F9E /* Resources */,
			);
			buildRules = (
			);
			dependencies = (
			);
			fileSystemSynchronizedGroups = (
				83F0CBB02E76D8A600A09F9E /* CamPiP */,
			);
			name = CamPiP;
			packageProductDependencies = (
			);
			productName = CamPiP;
			productReference = 83F0CBAE2E76D8A600A09F9E /* CamPiP.app */;
			productType = "com.apple.product-type.application";
		};
		83F0CBBE2E76D8A900A09F9E /* CamPiPTests */ = {
			isa = PBXNativeTarget;
			buildConfigurationList = 83F0CBD62E76D8A900A09F9E /* Build configuration list for PBXNativeTarget "CamPiPTests" */;
			buildPhases = (
				83F0CBBB2E76D8A900A09F9E /* Sources */,
				83F0CBBC2E76D8A900A09F9E /* Frameworks */,
				83F0CBBD2E76D8A900A09F9E /* Resources */,
			);
			buildRules = (
			);
			dependencies = (
				83F0CBC12E76D8A900A09F9E /* PBXTargetDependency */,
			);
			fileSystemSynchronizedGroups = (
				83F0CBC22E76D8A900A09F9E /* CamPiPTests */,
			);
			name = CamPiPTests;
			packageProductDependencies = (
			);
			productName = CamPiPTests;
			productReference = 83F0CBBF2E76D8A900A09F9E /* CamPiPTests.xctest */;
			productType = "com.apple.product-type.bundle.unit-test";
		};
		83F0CBC82E76D8A900A09F9E /* CamPiPUITests */ = {
			isa = PBXNativeTarget;
			buildConfigurationList = 83F0CBD92E76D8A900A09F9E /* Build configuration list for PBXNativeTarget "CamPiPUITests" */;
			buildPhases = (
				83F0CBC52E76D8A900A09F9E /* Sources */,
				83F0CBC62E76D8A900A09F9E /* Frameworks */,
				83F0CBC72E76D8A900A09F9E /* Resources */,
			);
			buildRules = (
			);
			dependencies = (
				83F0CBCB2E76D8A900A09F9E /* PBXTargetDependency */,
			);
			fileSystemSynchronizedGroups = (
				83F0CBCC2E76D8A900A09F9E /* CamPiPUITests */,
			);
			name = CamPiPUITests;
			packageProductDependencies = (
			);
			productName = CamPiPUITests;
			productReference = 83F0CBC92E76D8A900A09F9E /* CamPiPUITests.xctest */;
			productType = "com.apple.product-type.bundle.ui-testing";
		};
/* End PBXNativeTarget section */

/* Begin PBXProject section */
		83F0CBA62E76D8A600A09F9E /* Project object */ = {
			isa = PBXProject;
			attributes = {
				BuildIndependentTargetsInParallel = 1;
				LastSwiftUpdateCheck = 1600;
				LastUpgradeCheck = 1600;
				TargetAttributes = {
					83F0CBAD2E76D8A600A09F9E = {
						CreatedOnToolsVersion = 16.0;
					};
					83F0CBBE2E76D8A900A09F9E = {
						CreatedOnToolsVersion = 16.0;
						TestTargetID = 83F0CBAD2E76D8A600A09F9E;
					};
					83F0CBC82E76D8A900A09F9E = {
						CreatedOnToolsVersion = 16.0;
						TestTargetID = 83F0CBAD2E76D8A600A09F9E;
					};
				};
			};
			buildConfigurationList = 83F0CBA92E76D8A600A09F9E /* Build configuration list for PBXProject "CamPiP" */;
			developmentRegion = en;
			hasScannedForEncodings = 0;
			knownRegions = (
				en,
				Base,
			);
			mainGroup = 83F0CBA52E76D8A600A09F9E;
			minimizedProjectReferenceProxies = 1;
			preferredProjectObjectVersion = 77;
			productRefGroup = 83F0CBAF2E76D8A600A09F9E /* Products */;
			projectDirPath = "";
			projectRoot = "";
			targets = (
				83F0CBAD2E76D8A600A09F9E /* CamPiP */,
				83F0CBBE2E76D8A900A09F9E /* CamPiPTests */,
				83F0CBC82E76D8A900A09F9E /* CamPiPUITests */,
			);
		};
/* End PBXProject section */

/* Begin PBXResourcesBuildPhase section */
		83F0CBAC2E76D8A600A09F9E /* Resources */ = {
			isa = PBXResourcesBuildPhase;
			buildActionMask = 2147483647;
			files = (
			);
			runOnlyForDeploymentPostprocessing = 0;
		};
		83F0CBBD2E76D8A900A09F9E /* Resources */ = {
			isa = PBXResourcesBuildPhase;
			buildActionMask = 2147483647;
			files = (
			);
			runOnlyForDeploymentPostprocessing = 0;
		};
		83F0CBC72E76D8A900A09F9E /* Resources */ = {
			isa = PBXResourcesBuildPhase;
			buildActionMask = 2147483647;
			files = (
			);
			runOnlyForDeploymentPostprocessing = 0;
		};
/* End PBXResourcesBuildPhase section */

/* Begin PBXSourcesBuildPhase section */
		83F0CBAA2E76D8A600A09F9E /* Sources */ = {
			isa = PBXSourcesBuildPhase;
			buildActionMask = 2147483647;
			files = (
			);
			runOnlyForDeploymentPostprocessing = 0;
		};
		83F0CBBB2E76D8A900A09F9E /* Sources */ = {
			isa = PBXSourcesBuildPhase;
			buildActionMask = 2147483647;
			files = (
			);
			runOnlyForDeploymentPostprocessing = 0;
		};
		83F0CBC52E76D8A900A09F9E /* Sources */ = {
			isa = PBXSourcesBuildPhase;
			buildActionMask = 2147483647;
			files = (
			);
			runOnlyForDeploymentPostprocessing = 0;
		};
/* End PBXSourcesBuildPhase section */

/* Begin PBXTargetDependency section */
		83F0CBC12E76D8A900A09F9E /* PBXTargetDependency */ = {
			isa = PBXTargetDependency;
			target = 83F0CBAD2E76D8A600A09F9E /* CamPiP */;
			targetProxy = 83F0CBC02E76D8A900A09F9E /* PBXContainerItemProxy */;
		};
		83F0CBCB2E76D8A900A09F9E /* PBXTargetDependency */ = {
			isa = PBXTargetDependency;
			target = 83F0CBAD2E76D8A600A09F9E /* CamPiP */;
			targetProxy = 83F0CBCA2E76D8A900A09F9E /* PBXContainerItemProxy */;
		};
/* End PBXTargetDependency section */

/* Begin XCBuildConfiguration section */
		83F0CBD12E76D8A900A09F9E /* Debug */ = {
			isa = XCBuildConfiguration;
			buildSettings = {
				ALWAYS_SEARCH_USER_PATHS = NO;
				ASSETCATALOG_COMPILER_GENERATE_SWIFT_ASSET_SYMBOL_EXTENSIONS = YES;
				CLANG_ANALYZER_NONNULL = YES;
				CLANG_ANALYZER_NUMBER_OBJECT_CONVERSION = YES_AGGRESSIVE;
				CLANG_CXX_LANGUAGE_STANDARD = "gnu++20";
				CLANG_ENABLE_MODULES = YES;
				CLANG_ENABLE_OBJC_ARC = YES;
				CLANG_ENABLE_OBJC_WEAK = YES;
				CLANG_WARN_BLOCK_CAPTURE_AUTORELEASING = YES;
				CLANG_WARN_BOOL_CONVERSION = YES;
				CLANG_WARN_COMMA = YES;
				CLANG_WARN_CONSTANT_CONVERSION = YES;
				CLANG_WARN_DEPRECATED_OBJC_IMPLEMENTATIONS = YES;
				CLANG_WARN_DIRECT_OBJC_ISA_USAGE = YES_ERROR;
				CLANG_WARN_DOCUMENTATION_COMMENTS = YES;
				CLANG_WARN_EMPTY_BODY = YES;
				CLANG_WARN_ENUM_CONVERSION = YES;
				CLANG_WARN_INFINITE_RECURSION = YES;
				CLANG_WARN_INT_CONVERSION = YES;
				CLANG_WARN_NON_LITERAL_NULL_CONVERSION = YES;
				CLANG_WARN_OBJC_IMPLICIT_RETAIN_SELF = YES;
				CLANG_WARN_OBJC_LITERAL_CONVERSION = YES;
				CLANG_WARN_OBJC_ROOT_CLASS = YES_ERROR;
				CLANG_WARN_QUOTED_INCLUDE_IN_FRAMEWORK_HEADER = YES;
				CLANG_WARN_RANGE_LOOP_ANALYSIS = YES;
				CLANG_WARN_STRICT_PROTOTYPES = YES;
				CLANG_WARN_SUSPICIOUS_MOVE = YES;
				CLANG_WARN_UNGUARDED_AVAILABILITY = YES_AGGRESSIVE;
				CLANG_WARN_UNREACHABLE_CODE = YES;
				CLANG_WARN__DUPLICATE_METHOD_MATCH = YES;
				COPY_PHASE_STRIP = NO;
				DEBUG_INFORMATION_FORMAT = dwarf;
				ENABLE_STRICT_OBJC_MSGSEND = YES;
				ENABLE_TESTABILITY = YES;
				ENABLE_USER_SCRIPT_SANDBOXING = YES;
				GCC_C_LANGUAGE_STANDARD = gnu17;
				GCC_DYNAMIC_NO_PIC = NO;
				GCC_NO_COMMON_BLOCKS = YES;
				GCC_OPTIMIZATION_LEVEL = 0;
				GCC_PREPROCESSOR_DEFINITIONS = (
					"DEBUG=1",
					"$(inherited)",
				);
				GCC_WARN_64_TO_32_BIT_CONVERSION = YES;
				GCC_WARN_ABOUT_RETURN_TYPE = YES_ERROR;
				GCC_WARN_UNDECLARED_SELECTOR = YES;
				GCC_WARN_UNINITIALIZED_AUTOS = YES_AGGRESSIVE;
				GCC_WARN_UNUSED_FUNCTION = YES;
				GCC_WARN_UNUSED_VARIABLE = YES;
				LOCALIZATION_PREFERS_STRING_CATALOGS = YES;
				MACOSX_DEPLOYMENT_TARGET = 15.0;
				MTL_ENABLE_DEBUG_INFO = INCLUDE_SOURCE;
				MTL_FAST_MATH = YES;
				ONLY_ACTIVE_ARCH = YES;
				SDKROOT = macosx;
				SWIFT_ACTIVE_COMPILATION_CONDITIONS = "DEBUG $(inherited)";
				SWIFT_OPTIMIZATION_LEVEL = "-Onone";
			};
			name = Debug;
		};
		83F0CBD22E76D8A900A09F9E /* Release */ = {
			isa = XCBuildConfiguration;
			buildSettings = {
				ALWAYS_SEARCH_USER_PATHS = NO;
				ASSETCATALOG_COMPILER_GENERATE_SWIFT_ASSET_SYMBOL_EXTENSIONS = YES;
				CLANG_ANALYZER_NONNULL = YES;
				CLANG_ANALYZER_NUMBER_OBJECT_CONVERSION = YES_AGGRESSIVE;
				CLANG_CXX_LANGUAGE_STANDARD = "gnu++20";
				CLANG_ENABLE_MODULES = YES;
				CLANG_ENABLE_OBJC_ARC = YES;
				CLANG_ENABLE_OBJC_WEAK = YES;
				CLANG_WARN_BLOCK_CAPTURE_AUTORELEASING = YES;
				CLANG_WARN_BOOL_CONVERSION = YES;
				CLANG_WARN_COMMA = YES;
				CLANG_WARN_CONSTANT_CONVERSION = YES;
				CLANG_WARN_DEPRECATED_OBJC_IMPLEMENTATIONS = YES;
				CLANG_WARN_DIRECT_OBJC_ISA_USAGE = YES_ERROR;
				CLANG_WARN_DOCUMENTATION_COMMENTS = YES;
				CLANG_WARN_EMPTY_BODY = YES;
				CLANG_WARN_ENUM_CONVERSION = YES;
				CLANG_WARN_INFINITE_RECURSION = YES;
				CLANG_WARN_INT_CONVERSION = YES;
				CLANG_WARN_NON_LITERAL_NULL_CONVERSION = YES;
				CLANG_WARN_OBJC_IMPLICIT_RETAIN_SELF = YES;
				CLANG_WARN_OBJC_LITERAL_CONVERSION = YES;
				CLANG_WARN_OBJC_ROOT_CLASS = YES_ERROR;
				CLANG_WARN_QUOTED_INCLUDE_IN_FRAMEWORK_HEADER = YES;
				CLANG_WARN_RANGE_LOOP_ANALYSIS = YES;
				CLANG_WARN_STRICT_PROTOTYPES = YES;
				CLANG_WARN_SUSPICIOUS_MOVE = YES;
				CLANG_WARN_UNGUARDED_AVAILABILITY = YES_AGGRESSIVE;
				CLANG_WARN_UNREACHABLE_CODE = YES;
				CLANG_WARN__DUPLICATE_METHOD_MATCH = YES;
				COPY_PHASE_STRIP = NO;
				DEBUG_INFORMATION_FORMAT = "dwarf-with-dsym";
				ENABLE_NS_ASSERTIONS = NO;
				ENABLE_STRICT_OBJC_MSGSEND = YES;
				ENABLE_USER_SCRIPT_SANDBOXING = YES;
				GCC_C_LANGUAGE_STANDARD = gnu17;
				GCC_NO_COMMON_BLOCKS = YES;
				GCC_WARN_64_TO_32_BIT_CONVERSION = YES;
				GCC_WARN_ABOUT_RETURN_TYPE = YES_ERROR;
				GCC_WARN_UNDECLARED_SELECTOR = YES;
				GCC_WARN_UNINITIALIZED_AUTOS = YES_AGGRESSIVE;
				GCC_WARN_UNUSED_FUNCTION = YES;
				GCC_WARN_UNUSED_VARIABLE = YES;
				LOCALIZATION_PREFERS_STRING_CATALOGS = YES;
				MACOSX_DEPLOYMENT_TARGET = 15.0;
				MTL_ENABLE_DEBUG_INFO = NO;
				MTL_FAST_MATH = YES;
				SDKROOT = macosx;
				SWIFT_COMPILATION_MODE = wholemodule;
			};
			name = Release;
		};
		83F0CBD42E76D8A900A09F9E /* Debug */ = {
			isa = XCBuildConfiguration;
			buildSettings = {
				ASSETCATALOG_COMPILER_APPICON_NAME = AppIcon;
				ASSETCATALOG_COMPILER_GLOBAL_ACCENT_COLOR_NAME = AccentColor;
				CODE_SIGN_ENTITLEMENTS = CamPiP/CamPiP.entitlements;
				CODE_SIGN_STYLE = Automatic;
				COMBINE_HIDPI_IMAGES = YES;
				CURRENT_PROJECT_VERSION = 1;
				DEVELOPMENT_ASSET_PATHS = "\"CamPiP/Preview Content\"";
				ENABLE_PREVIEWS = YES;
				GENERATE_INFOPLIST_FILE = YES;
				INFOPLIST_KEY_NSHumanReadableCopyright = "";
				LD_RUNPATH_SEARCH_PATHS = (
					"$(inherited)",
					"@executable_path/../Frameworks",
				);
				MARKETING_VERSION = 1.0;
				PRODUCT_BUNDLE_IDENTIFIER = com.kos.CamPiP;
				PRODUCT_NAME = "$(TARGET_NAME)";
				SWIFT_EMIT_LOC_STRINGS = YES;
				SWIFT_VERSION = 5.0;
			};
			name = Debug;
		};
		83F0CBD52E76D8A900A09F9E /* Release */ = {
			isa = XCBuildConfiguration;
			buildSettings = {
				ASSETCATALOG_COMPILER_APPICON_NAME = AppIcon;
				ASSETCATALOG_COMPILER_GLOBAL_ACCENT_COLOR_NAME = AccentColor;
				CODE_SIGN_ENTITLEMENTS = CamPiP/CamPiP.entitlements;
				CODE_SIGN_STYLE = Automatic;
				COMBINE_HIDPI_IMAGES = YES;
				CURRENT_PROJECT_VERSION = 1;
				DEVELOPMENT_ASSET_PATHS = "\"CamPiP/Preview Content\"";
				ENABLE_PREVIEWS = YES;
				GENERATE_INFOPLIST_FILE = YES;
				INFOPLIST_KEY_NSHumanReadableCopyright = "";
				LD_RUNPATH_SEARCH_PATHS = (
					"$(inherited)",
					"@executable_path/../Frameworks",
				);
				MARKETING_VERSION = 1.0;
				PRODUCT_BUNDLE_IDENTIFIER = com.kos.CamPiP;
				PRODUCT_NAME = "$(TARGET_NAME)";
				SWIFT_EMIT_LOC_STRINGS = YES;
				SWIFT_VERSION = 5.0;
			};
			name = Release;
		};
		83F0CBD72E76D8A900A09F9E /* Debug */ = {
			isa = XCBuildConfiguration;
			buildSettings = {
				BUNDLE_LOADER = "$(TEST_HOST)";
				CODE_SIGN_STYLE = Automatic;
				CURRENT_PROJECT_VERSION = 1;
				GENERATE_INFOPLIST_FILE = YES;
				MACOSX_DEPLOYMENT_TARGET = 15.0;
				MARKETING_VERSION = 1.0;
				PRODUCT_BUNDLE_IDENTIFIER = com.kos.CamPiPTests;
				PRODUCT_NAME = "$(TARGET_NAME)";
				SWIFT_EMIT_LOC_STRINGS = NO;
				SWIFT_VERSION = 5.0;
				TEST_HOST = "$(BUILT_PRODUCTS_DIR)/CamPiP.app/$(BUNDLE_EXECUTABLE_FOLDER_PATH)/CamPiP";
			};
			name = Debug;
		};
		83F0CBD82E76D8A900A09F9E /* Release */ = {
			isa = XCBuildConfiguration;
			buildSettings = {
				BUNDLE_LOADER = "$(TEST_HOST)";
				CODE_SIGN_STYLE = Automatic;
				CURRENT_PROJECT_VERSION = 1;
				GENERATE_INFOPLIST_FILE = YES;
				MACOSX_DEPLOYMENT_TARGET = 15.0;
				MARKETING_VERSION = 1.0;
				PRODUCT_BUNDLE_IDENTIFIER = com.kos.CamPiPTests;
				PRODUCT_NAME = "$(TARGET_NAME)";
				SWIFT_EMIT_LOC_STRINGS = NO;
				SWIFT_VERSION = 5.0;
				TEST_HOST = "$(BUILT_PRODUCTS_DIR)/CamPiP.app/$(BUNDLE_EXECUTABLE_FOLDER_PATH)/CamPiP";
			};
			name = Release;
		};
		83F0CBDA2E76D8A900A09F9E /* Debug */ = {
			isa = XCBuildConfiguration;
			buildSettings = {
				CODE_SIGN_STYLE = Automatic;
				CURRENT_PROJECT_VERSION = 1;
				GENERATE_INFOPLIST_FILE = YES;
				MARKETING_VERSION = 1.0;
				PRODUCT_BUNDLE_IDENTIFIER = com.kos.CamPiPUITests;
				PRODUCT_NAME = "$(TARGET_NAME)";
				SWIFT_EMIT_LOC_STRINGS = NO;
				SWIFT_VERSION = 5.0;
				TEST_TARGET_NAME = CamPiP;
			};
			name = Debug;
		};
		83F0CBDB2E76D8A900A09F9E /* Release */ = {
			isa = XCBuildConfiguration;
			buildSettings = {
				CODE_SIGN_STYLE = Automatic;
				CURRENT_PROJECT_VERSION = 1;
				GENERATE_INFOPLIST_FILE = YES;
				MARKETING_VERSION = 1.0;
				PRODUCT_BUNDLE_IDENTIFIER = com.kos.CamPiPUITests;
				PRODUCT_NAME = "$(TARGET_NAME)";
				SWIFT_EMIT_LOC_STRINGS = NO;
				SWIFT_VERSION = 5.0;
				TEST_TARGET_NAME = CamPiP;
			};
			name = Release;
		};
/* End XCBuildConfiguration section */

/* Begin XCConfigurationList section */
		83F0CBA92E76D8A600A09F9E /* Build configuration list for PBXProject "CamPiP" */ = {
			isa = XCConfigurationList;
			buildConfigurations = (
				83F0CBD12E76D8A900A09F9E /* Debug */,
				83F0CBD22E76D8A900A09F9E /* Release */,
			);
			defaultConfigurationIsVisible = 0;
			defaultConfigurationName = Release;
		};
		83F0CBD32E76D8A900A09F9E /* Build configuration list for PBXNativeTarget "CamPiP" */ = {
			isa = XCConfigurationList;
			buildConfigurations = (
				83F0CBD42E76D8A900A09F9E /* Debug */,
				83F0CBD52E76D8A900A09F9E /* Release */,
			);
			defaultConfigurationIsVisible = 0;
			defaultConfigurationName = Release;
		};
		83F0CBD62E76D8A900A09F9E /* Build configuration list for PBXNativeTarget "CamPiPTests" */ = {
			isa = XCConfigurationList;
			buildConfigurations = (
				83F0CBD72E76D8A900A09F9E /* Debug */,
				83F0CBD82E76D8A900A09F9E /* Release */,
			);
			defaultConfigurationIsVisible = 0;
			defaultConfigurationName = Release;
		};
		83F0CBD92E76D8A900A09F9E /* Build configuration list for PBXNativeTarget "CamPiPUITests" */ = {
			isa = XCConfigurationList;
			buildConfigurations = (
				83F0CBDA2E76D8A900A09F9E /* Debug */,
				83F0CBDB2E76D8A900A09F9E /* Release */,
			);
			defaultConfigurationIsVisible = 0;
			defaultConfigurationName = Release;
		};
/* End XCConfigurationList section */
	};
	rootObject = 83F0CBA62E76D8A600A09F9E /* Project object */;
}
